dependencies:
- name: elasticsearch-operator
  repository: https://ibm-garage-cloud.github.io/toolkit-charts/
  version: 0.3.0
- name: jaeger-operator
  repository: https://ibm-garage-cloud.github.io/toolkit-charts/
  version: 0.6.0
- name: kiali-operator
  repository: https://ibm-garage-cloud.github.io/toolkit-charts/
  version: 0.3.0
- name: service-mesh-operator
  repository: https://ibm-garage-cloud.github.io/toolkit-charts/
  version: 0.5.0
digest: sha256:933f738be34d20b9cf74904301973312db7b6c131a68ea32ff9b0c64a5d31f00
generated: "2020-07-17T12:32:06.058455-05:00"
